
Microsoft Visual Studio Solution File, Format Version 12.00
# Visual Studio Version 16
VisualStudioVersion = 16.0.30621.155
MinimumVisualStudioVersion = 10.0.40219.1
Project("{9A19103F-16F7-4668-BE54-9A1E7A4F7556}") = "BuilderPatron", "BuilderPatron.csproj", "{3C0250B7-A6E2-41BA-8CEE-D8B77B509099}"
EndProject
Global
	GlobalSection(SolutionConfigurationPlatforms) = preSolution
		Debug|Any CPU = Debug|Any CPU
		Release|Any CPU = Release|Any CPU
	EndGlobalSection
	GlobalSection(ProjectConfigurationPlatforms) = postSolution
		{3C0250B7-A6E2-41BA-8CEE-D8B77B509099}.Debug|Any CPU.ActiveCfg = Debug|Any CPU
		{3C0250B7-A6E2-41BA-8CEE-D8B77B509099}.Debug|Any CPU.Build.0 = Debug|Any CPU
		{3C0250B7-A6E2-41BA-8CEE-D8B77B509099}.Release|Any CPU.ActiveCfg = Release|Any CPU
		{3C0250B7-A6E2-41BA-8CEE-D8B77B509099}.Release|Any CPU.Build.0 = Release|Any CPU
	EndGlobalSection
	GlobalSection(SolutionProperties) = preSolution
		HideSolutionNode = FALSE
	EndGlobalSection
	GlobalSection(ExtensibilityGlobals) = postSolution
		SolutionGuid = {A5A55F6F-CAFA-4BF3-8EC3-B25BCDD8F03E}
	EndGlobalSection
EndGlobal
